
Microsoft Visual Studio Solution File, Format Version 12.00
# Visual Studio Version 17
VisualStudioVersion = 17.11.35431.28
MinimumVisualStudioVersion = 10.0.40219.1
Project("{9A19103F-16F7-4668-BE54-9A1E7A4F7556}") = "KeycloakAdmin", "KeycloakAdmin.csproj", "{0177B0A4-A99D-4DB7-9737-E9DFEADFCCCF}"
EndProject
Global
	GlobalSection(SolutionConfigurationPlatforms) = preSolution
		Debug|Any CPU = Debug|Any CPU
		Release|Any CPU = Release|Any CPU
	EndGlobalSection
	GlobalSection(ProjectConfigurationPlatforms) = postSolution
		{0177B0A4-A99D-4DB7-9737-E9DFEADFCCCF}.Debug|Any CPU.ActiveCfg = Debug|Any CPU
		{0177B0A4-A99D-4DB7-9737-E9DFEADFCCCF}.Debug|Any CPU.Build.0 = Debug|Any CPU
		{0177B0A4-A99D-4DB7-9737-E9DFEADFCCCF}.Release|Any CPU.ActiveCfg = Release|Any CPU
		{0177B0A4-A99D-4DB7-9737-E9DFEADFCCCF}.Release|Any CPU.Build.0 = Release|Any CPU
	EndGlobalSection
	GlobalSection(SolutionProperties) = preSolution
		HideSolutionNode = FALSE
	EndGlobalSection
	GlobalSection(ExtensibilityGlobals) = postSolution
		SolutionGuid = {8423B3D9-4108-438E-AA62-E362775ACEDA}
	EndGlobalSection
EndGlobal
